// !$*UTF8*$!
{
	archiveVersion = 1;
	classes = {
	};
	objectVersion = 46;
	objects = {

/* Begin PBXBuildFile section */
		9559E02B1BBD529200F6CA8A /* AppDelegate.swift in Sources */ = {isa = PBXBuildFile; fileRef = 9559E02A1BBD529200F6CA8A /* AppDelegate.swift */; };
		9559E02D1BBD529200F6CA8A /* ViewController.swift in Sources */ = {isa = PBXBuildFile; fileRef = 9559E02C1BBD529200F6CA8A /* ViewController.swift */; };
		9559E0301BBD529200F6CA8A /* Main.storyboard in Resources */ = {isa = PBXBuildFile; fileRef = 9559E02E1BBD529200F6CA8A /* Main.storyboard */; };
		9559E0321BBD529200F6CA8A /* Images.xcassets in Resources */ = {isa = PBXBuildFile; fileRef = 9559E0311BBD529200F6CA8A /* Images.xcassets */; };
		9559E0351BBD529200F6CA8A /* LaunchScreen.xib in Resources */ = {isa = PBXBuildFile; fileRef = 9559E0331BBD529200F6CA8A /* LaunchScreen.xib */; };
		9559E0411BBD529200F6CA8A /* UITableViewTests.swift in Sources */ = {isa = PBXBuildFile; fileRef = 9559E0401BBD529200F6CA8A /* UITableViewTests.swift */; };
/* End PBXBuildFile section */

/* Begin PBXContainerItemProxy section */
		9559E03B1BBD529200F6CA8A /* PBXContainerItemProxy */ = {
			isa = PBXContainerItemProxy;
			containerPortal = 9559E01D1BBD529200F6CA8A /* Project object */;
			proxyType = 1;
			remoteGlobalIDString = 9559E0241BBD529200F6CA8A;
			remoteInfo = UITableView;
		};
/* End PBXContainerItemProxy section */

/* Begin PBXFileReference section */
		9559E0251BBD529200F6CA8A /* UITableView.app */ = {isa = PBXFileReference; explicitFileType = wrapper.application; includeInIndex = 0; path = UITableView.app; sourceTree = BUILT_PRODUCTS_DIR; };
		9559E0291BBD529200F6CA8A /* Info.plist */ = {isa = PBXFileReference; lastKnownFileType = text.plist.xml; path = Info.plist; sourceTree = "<group>"; };
		9559E02A1BBD529200F6CA8A /* AppDelegate.swift */ = {isa = PBXFileReference; lastKnownFileType = sourcecode.swift; path = AppDelegate.swift; sourceTree = "<group>"; };
		9559E02C1BBD529200F6CA8A /* ViewController.swift */ = {isa = PBXFileReference; lastKnownFileType = sourcecode.swift; path = ViewController.swift; sourceTree = "<group>"; };
		9559E02F1BBD529200F6CA8A /* Base */ = {isa = PBXFileReference; lastKnownFileType = file.storyboard; name = Base; path = Base.lproj/Main.storyboard; sourceTree = "<group>"; };
		9559E0311BBD529200F6CA8A /* Images.xcassets */ = {isa = PBXFileReference; lastKnownFileType = folder.assetcatalog; path = Images.xcassets; sourceTree = "<group>"; };
		9559E0341BBD529200F6CA8A /* Base */ = {isa = PBXFileReference; lastKnownFileType = file.xib; name = Base; path = Base.lproj/LaunchScreen.xib; sourceTree = "<group>"; };
		9559E03A1BBD529200F6CA8A /* UITableViewTests.xctest */ = {isa = PBXFileReference; explicitFileType = wrapper.cfbundle; includeInIndex = 0; path = UITableViewTests.xctest; sourceTree = BUILT_PRODUCTS_DIR; };
		9559E03F1BBD529200F6CA8A /* Info.plist */ = {isa = PBXFileReference; lastKnownFileType = text.plist.xml; path = Info.plist; sourceTree = "<group>"; };
		9559E0401BBD529200F6CA8A /* UITableViewTests.swift */ = {isa = PBXFileReference; lastKnownFileType = sourcecode.swift; path = UITableViewTests.swift; sourceTree = "<group>"; };
/* End PBXFileReference section */

/* Begin PBXFrameworksBuildPhase section */
		9559E0221BBD529200F6CA8A /* Frameworks */ = {
			isa = PBXFrameworksBuildPhase;
			buildActionMask = 2147483647;
			files = (
			);
			runOnlyForDeploymentPostprocessing = 0;
		};
		9559E0371BBD529200F6CA8A /* Frameworks */ = {
			isa = PBXFrameworksBuildPhase;
			buildActionMask = 2147483647;
			files = (
			);
			runOnlyForDeploymentPostprocessing = 0;
		};
/* End PBXFrameworksBuildPhase section */

/* Begin PBXGroup section */
		9559E01C1BBD529200F6CA8A = {
			isa = PBXGroup;
			children = (
				9559E0271BBD529200F6CA8A /* UITableView */,
				9559E03D1BBD529200F6CA8A /* UITableViewTests */,
				9559E0261BBD529200F6CA8A /* Products */,
			);
			sourceTree = "<group>";
		};
		9559E0261BBD529200F6CA8A /* Products */ = {
			isa = PBXGroup;
			children = (
				9559E0251BBD529200F6CA8A /* UITableView.app */,
				9559E03A1BBD529200F6CA8A /* UITableViewTests.xctest */,
			);
			name = Products;
			sourceTree = "<group>";
		};
		9559E0271BBD529200F6CA8A /* UITableView */ = {
			isa = PBXGroup;
			children = (
				9559E02A1BBD529200F6CA8A /* AppDelegate.swift */,
				9559E02C1BBD529200F6CA8A /* ViewController.swift */,
				9559E02E1BBD529200F6CA8A /* Main.storyboard */,
				9559E0311BBD529200F6CA8A /* Images.xcassets */,
				9559E0331BBD529200F6CA8A /* LaunchScreen.xib */,
				9559E0281BBD529200F6CA8A /* Supporting Files */,
			);
			path = UITableView;
			sourceTree = "<group>";
		};
		9559E0281BBD529200F6CA8A /* Supporting Files */ = {
			isa = PBXGroup;
			children = (
				9559E0291BBD529200F6CA8A /* Info.plist */,
			);
			name = "Supporting Files";
			sourceTree = "<group>";
		};
		9559E03D1BBD529200F6CA8A /* UITableViewTests */ = {
			isa = PBXGroup;
			children = (
				9559E0401BBD529200F6CA8A /* UITableViewTests.swift */,
				9559E03E1BBD529200F6CA8A /* Supporting Files */,
			);
			path = UITableViewTests;
			sourceTree = "<group>";
		};
		9559E03E1BBD529200F6CA8A /* Supporting Files */ = {
			isa = PBXGroup;
			children = (
				9559E03F1BBD529200F6CA8A /* Info.plist */,
			);
			name = "Supporting Files";
			sourceTree = "<group>";
		};
/* End PBXGroup section */

/* Begin PBXNativeTarget section */
		9559E0241BBD529200F6CA8A /* UITableView */ = {
			isa = PBXNativeTarget;
			buildConfigurationList = 9559E0441BBD529200F6CA8A /* Build configuration list for PBXNativeTarget "UITableView" */;
			buildPhases = (
				9559E0211BBD529200F6CA8A /* Sources */,
				9559E0221BBD529200F6CA8A /* Frameworks */,
				9559E0231BBD529200F6CA8A /* Resources */,
			);
			buildRules = (
			);
			dependencies = (
			);
			name = UITableView;
			productName = UITableView;
			productReference = 9559E0251BBD529200F6CA8A /* UITableView.app */;
			productType = "com.apple.product-type.application";
		};
		9559E0391BBD529200F6CA8A /* UITableViewTests */ = {
			isa = PBXNativeTarget;
			buildConfigurationList = 9559E0471BBD529200F6CA8A /* Build configuration list for PBXNativeTarget "UITableViewTests" */;
			buildPhases = (
				9559E0361BBD529200F6CA8A /* Sources */,
				9559E0371BBD529200F6CA8A /* Frameworks */,
				9559E0381BBD529200F6CA8A /* Resources */,
			);
			buildRules = (
			);
			dependencies = (
				9559E03C1BBD529200F6CA8A /* PBXTargetDependency */,
			);
			name = UITableViewTests;
			productName = UITableViewTests;
			productReference = 9559E03A1BBD529200F6CA8A /* UITableViewTests.xctest */;
			productType = "com.apple.product-type.bundle.unit-test";
		};
/* End PBXNativeTarget section */

/* Begin PBXProject section */
		9559E01D1BBD529200F6CA8A /* Project object */ = {
			isa = PBXProject;
			attributes = {
				LastUpgradeCheck = 0640;
				ORGANIZATIONNAME = "杜杜兴";
				TargetAttributes = {
					9559E0241BBD529200F6CA8A = {
						CreatedOnToolsVersion = 6.4;
					};
					9559E0391BBD529200F6CA8A = {
						CreatedOnToolsVersion = 6.4;
						TestTargetID = 9559E0241BBD529200F6CA8A;
					};
				};
			};
			buildConfigurationList = 9559E0201BBD529200F6CA8A /* Build configuration list for PBXProject "UITableView" */;
			compatibilityVersion = "Xcode 3.2";
			developmentRegion = English;
			hasScannedForEncodings = 0;
			knownRegions = (
				en,
				Base,
			);
			mainGroup = 9559E01C1BBD529200F6CA8A;
			productRefGroup = 9559E0261BBD529200F6CA8A /* Products */;
			projectDirPath = "";
			projectRoot = "";
			targets = (
				9559E0241BBD529200F6CA8A /* UITableView */,
				9559E0391BBD529200F6CA8A /* UITableViewTests */,
			);
		};
/* End PBXProject section */

/* Begin PBXResourcesBuildPhase section */
		9559E0231BBD529200F6CA8A /* Resources */ = {
			isa = PBXResourcesBuildPhase;
			buildActionMask = 2147483647;
			files = (
				9559E0301BBD529200F6CA8A /* Main.storyboard in Resources */,
				9559E0351BBD529200F6CA8A /* LaunchScreen.xib in Resources */,
				9559E0321BBD529200F6CA8A /* Images.xcassets in Resources */,
			);
			runOnlyForDeploymentPostprocessing = 0;
		};
		9559E0381BBD529200F6CA8A /* Resources */ = {
			isa = PBXResourcesBuildPhase;
			buildActionMask = 2147483647;
			files = (
			);
			runOnlyForDeploymentPostprocessing = 0;
		};
/* End PBXResourcesBuildPhase section */

/* Begin PBXSourcesBuildPhase section */
		9559E0211BBD529200F6CA8A /* Sources */ = {
			isa = PBXSourcesBuildPhase;
			buildActionMask = 2147483647;
			files = (
				9559E02D1BBD529200F6CA8A /* ViewController.swift in Sources */,
				9559E02B1BBD529200F6CA8A /* AppDelegate.swift in Sources */,
			);
			runOnlyForDeploymentPostprocessing = 0;
		};
		9559E0361BBD529200F6CA8A /* Sources */ = {
			isa = PBXSourcesBuildPhase;
			buildActionMask = 2147483647;
			files = (
				9559E0411BBD529200F6CA8A /* UITableViewTests.swift in Sources */,
			);
			runOnlyForDeploymentPostprocessing = 0;
		};
/* End PBXSourcesBuildPhase section */

/* Begin PBXTargetDependency section */
		9559E03C1BBD529200F6CA8A /* PBXTargetDependency */ = {
			isa = PBXTargetDependency;
			target = 9559E0241BBD529200F6CA8A /* UITableView */;
			targetProxy = 9559E03B1BBD529200F6CA8A /* PBXContainerItemProxy */;
		};
/* End PBXTargetDependency section */

/* Begin PBXVariantGroup section */
		9559E02E1BBD529200F6CA8A /* Main.storyboard */ = {
			isa = PBXVariantGroup;
			children = (
				9559E02F1BBD529200F6CA8A /* Base */,
			);
			name = Main.storyboard;
			sourceTree = "<group>";
		};
		9559E0331BBD529200F6CA8A /* LaunchScreen.xib */ = {
			isa = PBXVariantGroup;
			children = (
				9559E0341BBD529200F6CA8A /* Base */,
			);
			name = LaunchScreen.xib;
			sourceTree = "<group>";
		};
/* End PBXVariantGroup section */

/* Begin XCBuildConfiguration section */
		9559E0421BBD529200F6CA8A /* Debug */ = {
			isa = XCBuildConfiguration;
			buildSettings = {
				ALWAYS_SEARCH_USER_PATHS = NO;
				CLANG_CXX_LANGUAGE_STANDARD = "gnu++0x";
				CLANG_CXX_LIBRARY = "libc++";
				CLANG_ENABLE_MODULES = YES;
				CLANG_ENABLE_OBJC_ARC = YES;
				CLANG_WARN_BOOL_CONVERSION = YES;
				CLANG_WARN_CONSTANT_CONVERSION = YES;
				CLANG_WARN_DIRECT_OBJC_ISA_USAGE = YES_ERROR;
				CLANG_WARN_EMPTY_BODY = YES;
				CLANG_WARN_ENUM_CONVERSION = YES;
				CLANG_WARN_INT_CONVERSION = YES;
				CLANG_WARN_OBJC_ROOT_CLASS = YES_ERROR;
				CLANG_WARN_UNREACHABLE_CODE = YES;
				CLANG_WARN__DUPLICATE_METHOD_MATCH = YES;
				"CODE_SIGN_IDENTITY[sdk=iphoneos*]" = "iPhone Developer";
				COPY_PHASE_STRIP = NO;
				DEBUG_INFORMATION_FORMAT = "dwarf-with-dsym";
				ENABLE_STRICT_OBJC_MSGSEND = YES;
				GCC_C_LANGUAGE_STANDARD = gnu99;
				GCC_DYNAMIC_NO_PIC = NO;
				GCC_NO_COMMON_BLOCKS = YES;
				GCC_OPTIMIZATION_LEVEL = 0;
				GCC_PREPROCESSOR_DEFINITIONS = (
					"DEBUG=1",
					"$(inherited)",
				);
				GCC_SYMBOLS_PRIVATE_EXTERN = NO;
				GCC_WARN_64_TO_32_BIT_CONVERSION = YES;
				GCC_WARN_ABOUT_RETURN_TYPE = YES_ERROR;
				GCC_WARN_UNDECLARED_SELECTOR = YES;
				GCC_WARN_UNINITIALIZED_AUTOS = YES_AGGRESSIVE;
				GCC_WARN_UNUSED_FUNCTION = YES;
				GCC_WARN_UNUSED_VARIABLE = YES;
				IPHONEOS_DEPLOYMENT_TARGET = 8.4;
				MTL_ENABLE_DEBUG_INFO = YES;
				ONLY_ACTIVE_ARCH = YES;
				SDKROOT = iphoneos;
				SWIFT_OPTIMIZATION_LEVEL = "-Onone";
			};
			name = Debug;
		};
		9559E0431BBD529200F6CA8A /* Release */ = {
			isa = XCBuildConfiguration;
			buildSettings = {
				ALWAYS_SEARCH_USER_PATHS = NO;
				CLANG_CXX_LANGUAGE_STANDARD = "gnu++0x";
				CLANG_CXX_LIBRARY = "libc++";
				CLANG_ENABLE_MODULES = YES;
				CLANG_ENABLE_OBJC_ARC = YES;
				CLANG_WARN_BOOL_CONVERSION = YES;
				CLANG_WARN_CONSTANT_CONVERSION = YES;
				CLANG_WARN_DIRECT_OBJC_ISA_USAGE = YES_ERROR;
				CLANG_WARN_EMPTY_BODY = YES;
				CLANG_WARN_ENUM_CONVERSION = YES;
				CLANG_WARN_INT_CONVERSION = YES;
				CLANG_WARN_OBJC_ROOT_CLASS = YES_ERROR;
				CLANG_WARN_UNREACHABLE_CODE = YES;
				CLANG_WARN__DUPLICATE_METHOD_MATCH = YES;
				"CODE_SIGN_IDENTITY[sdk=iphoneos*]" = "iPhone Developer";
				COPY_PHASE_STRIP = NO;
				DEBUG_INFORMATION_FORMAT = "dwarf-with-dsym";
				ENABLE_NS_ASSERTIONS = NO;
				ENABLE_STRICT_OBJC_MSGSEND = YES;
				GCC_C_LANGUAGE_STANDARD = gnu99;
				GCC_NO_COMMON_BLOCKS = YES;
				GCC_WARN_64_TO_32_BIT_CONVERSION = YES;
				GCC_WARN_ABOUT_RETURN_TYPE = YES_ERROR;
				GCC_WARN_UNDECLARED_SELECTOR = YES;
				GCC_WARN_UNINITIALIZED_AUTOS = YES_AGGRESSIVE;
				GCC_WARN_UNUSED_FUNCTION = YES;
				GCC_WARN_UNUSED_VARIABLE = YES;
				IPHONEOS_DEPLOYMENT_TARGET = 8.4;
				MTL_ENABLE_DEBUG_INFO = NO;
				SDKROOT = iphoneos;
				VALIDATE_PRODUCT = YES;
			};
			name = Release;
		};
		9559E0451BBD529200F6CA8A /* Debug */ = {
			isa = XCBuildConfiguration;
			buildSettings = {
				ASSETCATALOG_COMPILER_APPICON_NAME = AppIcon;
				INFOPLIST_FILE = UITableView/Info.plist;
				LD_RUNPATH_SEARCH_PATHS = "$(inherited) @executable_path/Frameworks";
				PRODUCT_NAME = "$(TARGET_NAME)";
			};
			name = Debug;
		};
		9559E0461BBD529200F6CA8A /* Release */ = {
			isa = XCBuildConfiguration;
			buildSettings = {
				ASSETCATALOG_COMPILER_APPICON_NAME = AppIcon;
				INFOPLIST_FILE = UITableView/Info.plist;
				LD_RUNPATH_SEARCH_PATHS = "$(inherited) @executable_path/Frameworks";
				PRODUCT_NAME = "$(TARGET_NAME)";
			};
			name = Release;
		};
		9559E0481BBD529200F6CA8A /* Debug */ = {
			isa = XCBuildConfiguration;
			buildSettings = {
				BUNDLE_LOADER = "$(TEST_HOST)";
				FRAMEWORK_SEARCH_PATHS = (
					"$(SDKROOT)/Developer/Library/Frameworks",
					"$(inherited)",
				);
				GCC_PREPROCESSOR_DEFINITIONS = (
					"DEBUG=1",
					"$(inherited)",
				);
				INFOPLIST_FILE = UITableViewTests/Info.plist;
				LD_RUNPATH_SEARCH_PATHS = "$(inherited) @executable_path/Frameworks @loader_path/Frameworks";
				PRODUCT_NAME = "$(TARGET_NAME)";
				TEST_HOST = "$(BUILT_PRODUCTS_DIR)/UITableView.app/UITableView";
			};
			name = Debug;
		};
		9559E0491BBD529200F6CA8A /* Release */ = {
			isa = XCBuildConfiguration;
			buildSettings = {
				BUNDLE_LOADER = "$(TEST_HOST)";
				FRAMEWORK_SEARCH_PATHS = (
					"$(SDKROOT)/Developer/Library/Frameworks",
					"$(inherited)",
				);
				INFOPLIST_FILE = UITableViewTests/Info.plist;
				LD_RUNPATH_SEARCH_PATHS = "$(inherited) @executable_path/Frameworks @loader_path/Frameworks";
				PRODUCT_NAME = "$(TARGET_NAME)";
				TEST_HOST = "$(BUILT_PRODUCTS_DIR)/UITableView.app/UITableView";
			};
			name = Release;
		};
/* End XCBuildConfiguration section */

/* Begin XCConfigurationList section */
		9559E0201BBD529200F6CA8A /* Build configuration list for PBXProject "UITableView" */ = {
			isa = XCConfigurationList;
			buildConfigurations = (
				9559E0421BBD529200F6CA8A /* Debug */,
				9559E0431BBD529200F6CA8A /* Release */,
			);
			defaultConfigurationIsVisible = 0;
			defaultConfigurationName = Release;
		};
		9559E0441BBD529200F6CA8A /* Build configuration list for PBXNativeTarget "UITableView" */ = {
			isa = XCConfigurationList;
			buildConfigurations = (
				9559E0451BBD529200F6CA8A /* Debug */,
				9559E0461BBD529200F6CA8A /* Release */,
			);
			defaultConfigurationIsVisible = 0;
		};
		9559E0471BBD529200F6CA8A /* Build configuration list for PBXNativeTarget "UITableViewTests" */ = {
			isa = XCConfigurationList;
			buildConfigurations = (
				9559E0481BBD529200F6CA8A /* Debug */,
				9559E0491BBD529200F6CA8A /* Release */,
			);
			defaultConfigurationIsVisible = 0;
		};
/* End XCConfigurationList section */
	};
	rootObject = 9559E01D1BBD529200F6CA8A /* Project object */;
}
